
Microsoft Visual Studio Solution File, Format Version 12.00
# Visual Studio Version 16
VisualStudioVersion = 16.0.30320.27
MinimumVisualStudioVersion = 10.0.40219.1
Project("{FAE04EC0-301F-11D3-BF4B-00C04F79EFBC}") = "ITMO.Course.ASP.NET.Labs", "ITMO.Course.ASP.NET.Labs\ITMO.Course.ASP.NET.Labs.csproj", "{1A4643CF-4173-4877-9C81-E05D60048152}"
EndProject
Global
	GlobalSection(SolutionConfigurationPlatforms) = preSolution
		Debug|Any CPU = Debug|Any CPU
		Release|Any CPU = Release|Any CPU
	EndGlobalSection
	GlobalSection(ProjectConfigurationPlatforms) = postSolution
		{1A4643CF-4173-4877-9C81-E05D60048152}.Debug|Any CPU.ActiveCfg = Debug|Any CPU
		{1A4643CF-4173-4877-9C81-E05D60048152}.Debug|Any CPU.Build.0 = Debug|Any CPU
		{1A4643CF-4173-4877-9C81-E05D60048152}.Release|Any CPU.ActiveCfg = Release|Any CPU
		{1A4643CF-4173-4877-9C81-E05D60048152}.Release|Any CPU.Build.0 = Release|Any CPU
	EndGlobalSection
	GlobalSection(SolutionProperties) = preSolution
		HideSolutionNode = FALSE
	EndGlobalSection
	GlobalSection(ExtensibilityGlobals) = postSolution
		SolutionGuid = {DD9A1B94-9D94-44F5-B853-A826A4CD84A3}
	EndGlobalSection
EndGlobal
