
Microsoft Visual Studio Solution File, Format Version 12.00
# Visual Studio Version 16
VisualStudioVersion = 16.0.30413.136
MinimumVisualStudioVersion = 10.0.40219.1
Project("{FAE04EC0-301F-11D3-BF4B-00C04F79EFBC}") = "ITMO.Course.ASP.NET.Lab1", "ITMO.Course.ASP.NET.Lab1\ITMO.Course.ASP.NET.Lab1.csproj", "{479A72CE-D0C3-45C2-A037-4D692C3E993A}"
EndProject
Global
	GlobalSection(SolutionConfigurationPlatforms) = preSolution
		Debug|Any CPU = Debug|Any CPU
		Release|Any CPU = Release|Any CPU
	EndGlobalSection
	GlobalSection(ProjectConfigurationPlatforms) = postSolution
		{479A72CE-D0C3-45C2-A037-4D692C3E993A}.Debug|Any CPU.ActiveCfg = Debug|Any CPU
		{479A72CE-D0C3-45C2-A037-4D692C3E993A}.Debug|Any CPU.Build.0 = Debug|Any CPU
		{479A72CE-D0C3-45C2-A037-4D692C3E993A}.Release|Any CPU.ActiveCfg = Release|Any CPU
		{479A72CE-D0C3-45C2-A037-4D692C3E993A}.Release|Any CPU.Build.0 = Release|Any CPU
	EndGlobalSection
	GlobalSection(SolutionProperties) = preSolution
		HideSolutionNode = FALSE
	EndGlobalSection
	GlobalSection(ExtensibilityGlobals) = postSolution
		SolutionGuid = {BF86B735-7900-4358-8C71-479FE696D468}
	EndGlobalSection
EndGlobal
